{
  "version": 4,
  "terraform_version": "0.12.12",
  "serial": 13,
  "lineage": "3fa69ef7-7300-7a5f-b87d-ccf18df08ca1",
  "outputs": {
    "computer_vision_endpoint": {
      "value": "https://westeurope.api.cognitive.microsoft.com/",
      "type": "string"
    }
  },
  "resources": [
    {
      "mode": "managed",
      "type": "azurerm_app_service",
      "name": "app_service_terraform",
      "provider": "provider.azurerm",
      "instances": [
        {
          "schema_version": 0,
          "attributes": {
            "app_service_plan_id": "/subscriptions/5db2156b-81a3-4daf-b47f-4e1283a4a9aa/resourceGroups/libros1/providers/Microsoft.Web/serverfarms/RecoFacial_serviceplan",
            "app_settings": {
              "ejemplo1": "wwww.kevinsaldana.es",
              "ejemplo2": "otra key"
            },
            "auth_settings": [
              {
                "active_directory": [],
                "additional_login_params": {},
                "allowed_external_redirect_urls": [],
                "default_provider": "",
                "enabled": false,
                "facebook": [],
                "google": [],
                "issuer": "",
                "microsoft": [],
                "runtime_version": "",
                "token_refresh_extension_hours": 0,
                "token_store_enabled": false,
                "twitter": [],
                "unauthenticated_client_action": ""
              }
            ],
            "backup": [],
            "client_affinity_enabled": true,
            "client_cert_enabled": false,
            "connection_string": [],
            "default_site_hostname": "recofacial-terraform.azurewebsites.net",
            "enabled": true,
            "https_only": false,
            "id": "/subscriptions/5db2156b-81a3-4daf-b47f-4e1283a4a9aa/resourceGroups/libros1/providers/Microsoft.Web/sites/Recofacial-terraform",
            "identity": [],
            "location": "westeurope",
            "logs": [
              {
                "application_logs": [
                  {
                    "azure_blob_storage": []
                  }
                ],
                "http_logs": [
                  {
                    "azure_blob_storage": [],
                    "file_system": []
                  }
                ]
              }
            ],
            "name": "Recofacial-terraform",
            "outbound_ip_addresses": "40.114.228.161,13.80.97.30,40.115.16.211,13.80.100.156,40.115.20.35",
            "possible_outbound_ip_addresses": "40.114.228.161,13.80.97.30,40.115.16.211,13.80.100.156,40.115.20.35,40.118.47.170,40.115.20.153,13.80.98.155",
            "resource_group_name": "libros1",
            "site_config": [
              {
                "always_on": false,
                "app_command_line": "",
                "cors": [],
                "default_documents": [
                  "Default.htm",
                  "Default.html",
                  "Default.asp",
                  "index.htm",
                  "index.html",
                  "iisstart.htm",
                  "default.aspx",
                  "index.php",
                  "hostingstart.html"
                ],
                "dotnet_framework_version": "v4.0",
                "ftps_state": "AllAllowed",
                "http2_enabled": false,
                "ip_restriction": [],
                "java_container": "",
                "java_container_version": "",
                "java_version": "",
                "linux_fx_version": "",
                "local_mysql_enabled": false,
                "managed_pipeline_mode": "Integrated",
                "min_tls_version": "1.2",
                "php_version": "5.6",
                "python_version": "",
                "remote_debugging_enabled": false,
                "remote_debugging_version": "",
                "scm_type": "None",
                "use_32_bit_worker_process": true,
                "virtual_network_name": "",
                "websockets_enabled": false,
                "windows_fx_version": ""
              }
            ],
            "site_credential": [
              {
                "password": "X8fltcHuoqYncRPTrnlnelzEwnkHimr3Lpu7mFrQCT3d07MZRu3l0uKldkFA",
                "username": "$Recofacial-terraform"
              }
            ],
            "source_control": [
              {
                "branch": "master",
                "repo_url": ""
              }
            ],
            "storage_account": [],
            "tags": {}
          },
          "private": "bnVsbA==",
          "depends_on": [
            "azurerm_app_service_plan.app_service_kevin",
            "azurerm_resource_group.resource_group_kevin"
          ]
        }
      ]
    },
    {
      "mode": "managed",
      "type": "azurerm_app_service_plan",
      "name": "app_service_kevin",
      "provider": "provider.azurerm",
      "instances": [
        {
          "schema_version": 0,
          "attributes": {
            "app_service_environment_id": null,
            "id": "/subscriptions/5db2156b-81a3-4daf-b47f-4e1283a4a9aa/resourceGroups/libros1/providers/Microsoft.Web/serverfarms/RecoFacial_serviceplan",
            "is_xenon": false,
            "kind": "Windows",
            "location": "westeurope",
            "maximum_elastic_worker_count": 1,
            "maximum_number_of_workers": 1,
            "name": "RecoFacial_serviceplan",
            "per_site_scaling": false,
            "properties": [
              {
                "app_service_environment_id": "",
                "per_site_scaling": false,
                "reserved": false
              }
            ],
            "reserved": false,
            "resource_group_name": "libros1",
            "sku": [
              {
                "capacity": 0,
                "size": "F1",
                "tier": "Free"
              }
            ],
            "tags": {}
          },
          "private": "bnVsbA==",
          "depends_on": [
            "azurerm_resource_group.resource_group_kevin"
          ]
        }
      ]
    },
    {
      "mode": "managed",
      "type": "azurerm_cognitive_account",
      "name": "computer_vision_service",
      "provider": "provider.azurerm",
      "instances": [
        {
          "schema_version": 0,
          "attributes": {
            "endpoint": "https://westeurope.api.cognitive.microsoft.com/",
            "id": "/subscriptions/5db2156b-81a3-4daf-b47f-4e1283a4a9aa/resourceGroups/libros1/providers/Microsoft.CognitiveServices/accounts/RecoFacial",
            "kind": "ComputerVision",
            "location": "westeurope",
            "name": "RecoFacial",
            "primary_access_key": "7247a22146c945de85f7a3ae4c312743",
            "resource_group_name": "libros1",
            "secondary_access_key": "1e3e9d1909ee412e8769931157e1bcb2",
            "sku": [
              {
                "name": "F0",
                "tier": "Free"
              }
            ],
            "tags": {}
          },
          "private": "bnVsbA==",
          "depends_on": [
            "azurerm_resource_group.resource_group_kevin"
          ]
        }
      ]
    },
    {
      "mode": "managed",
      "type": "azurerm_resource_group",
      "name": "resource_group_kevin",
      "provider": "provider.azurerm",
      "instances": [
        {
          "schema_version": 0,
          "attributes": {
            "id": "/subscriptions/5db2156b-81a3-4daf-b47f-4e1283a4a9aa/resourceGroups/libros1",
            "location": "westeurope",
            "name": "libros1",
            "tags": {}
          },
          "private": "bnVsbA=="
        }
      ]
    }
  ]
}
